
Microsoft Visual Studio Solution File, Format Version 11.00
# Visual Studio 2010
Project("{8BC9CEB8-8B4A-11D0-8D11-00A0C91BC942}") = "test", "test.vcxproj", "{3F63A72B-949B-4F72-A93F-FA25E693496F}"
EndProject
Global
	GlobalSection(SolutionConfigurationPlatforms) = preSolution
		Debug|Win32 = Debug|Win32
		Release|Win32 = Release|Win32
	EndGlobalSection
	GlobalSection(ProjectConfigurationPlatforms) = postSolution
		{3F63A72B-949B-4F72-A93F-FA25E693496F}.Debug|Win32.ActiveCfg = Debug|Win32
		{3F63A72B-949B-4F72-A93F-FA25E693496F}.Debug|Win32.Build.0 = Debug|Win32
		{3F63A72B-949B-4F72-A93F-FA25E693496F}.Release|Win32.ActiveCfg = Release|Win32
		{3F63A72B-949B-4F72-A93F-FA25E693496F}.Release|Win32.Build.0 = Release|Win32
	EndGlobalSection
	GlobalSection(SolutionProperties) = preSolution
		HideSolutionNode = FALSE
	EndGlobalSection
EndGlobal
